
Microsoft Visual Studio Solution File, Format Version 12.00
# Visual Studio Version 16
VisualStudioVersion = 16.0.33529.622
MinimumVisualStudioVersion = 10.0.40219.1
Project("{FAE04EC0-301F-11D3-BF4B-00C04F79EFBC}") = "Book.Web", "Book.Web\Book.Web.csproj", "{753C6CCA-0814-4584-B9DA-6DFEBCDD7596}"
EndProject
Project("{FAE04EC0-301F-11D3-BF4B-00C04F79EFBC}") = "Book.BL", "Book.BL\Book.BL.csproj", "{404EB2EB-FC34-42AA-9982-BC5AF23C7ED9}"
EndProject
Project("{FAE04EC0-301F-11D3-BF4B-00C04F79EFBC}") = "Book.DAL", "Book.DAL\Book.DAL.csproj", "{550D583F-51E1-46D5-8CA4-241C504D0F13}"
EndProject
Global
	GlobalSection(SolutionConfigurationPlatforms) = preSolution
		Debug|Any CPU = Debug|Any CPU
		Release|Any CPU = Release|Any CPU
	EndGlobalSection
	GlobalSection(ProjectConfigurationPlatforms) = postSolution
		{753C6CCA-0814-4584-B9DA-6DFEBCDD7596}.Debug|Any CPU.ActiveCfg = Debug|Any CPU
		{753C6CCA-0814-4584-B9DA-6DFEBCDD7596}.Debug|Any CPU.Build.0 = Debug|Any CPU
		{753C6CCA-0814-4584-B9DA-6DFEBCDD7596}.Release|Any CPU.ActiveCfg = Release|Any CPU
		{753C6CCA-0814-4584-B9DA-6DFEBCDD7596}.Release|Any CPU.Build.0 = Release|Any CPU
		{404EB2EB-FC34-42AA-9982-BC5AF23C7ED9}.Debug|Any CPU.ActiveCfg = Debug|Any CPU
		{404EB2EB-FC34-42AA-9982-BC5AF23C7ED9}.Debug|Any CPU.Build.0 = Debug|Any CPU
		{404EB2EB-FC34-42AA-9982-BC5AF23C7ED9}.Release|Any CPU.ActiveCfg = Release|Any CPU
		{404EB2EB-FC34-42AA-9982-BC5AF23C7ED9}.Release|Any CPU.Build.0 = Release|Any CPU
		{550D583F-51E1-46D5-8CA4-241C504D0F13}.Debug|Any CPU.ActiveCfg = Debug|Any CPU
		{550D583F-51E1-46D5-8CA4-241C504D0F13}.Debug|Any CPU.Build.0 = Debug|Any CPU
		{550D583F-51E1-46D5-8CA4-241C504D0F13}.Release|Any CPU.ActiveCfg = Release|Any CPU
		{550D583F-51E1-46D5-8CA4-241C504D0F13}.Release|Any CPU.Build.0 = Release|Any CPU
	EndGlobalSection
	GlobalSection(SolutionProperties) = preSolution
		HideSolutionNode = FALSE
	EndGlobalSection
	GlobalSection(ExtensibilityGlobals) = postSolution
		SolutionGuid = {729680CC-FED7-4197-9C9B-CD4786F4FC46}
	EndGlobalSection
EndGlobal
